
Microsoft Visual Studio Solution File, Format Version 12.00
# Visual Studio Version 16
VisualStudioVersion = 16.0.31729.503
MinimumVisualStudioVersion = 10.0.40219.1
Project("{FAE04EC0-301F-11D3-BF4B-00C04F79EFBC}") = "Laba05_Lipinskiy", "Laba05_Lipinskiy\Laba05_Lipinskiy.csproj", "{CD752E21-4E84-4670-B3CC-533D79AD7068}"
EndProject
Global
	GlobalSection(SolutionConfigurationPlatforms) = preSolution
		Debug|Any CPU = Debug|Any CPU
		Release|Any CPU = Release|Any CPU
	EndGlobalSection
	GlobalSection(ProjectConfigurationPlatforms) = postSolution
		{CD752E21-4E84-4670-B3CC-533D79AD7068}.Debug|Any CPU.ActiveCfg = Debug|Any CPU
		{CD752E21-4E84-4670-B3CC-533D79AD7068}.Debug|Any CPU.Build.0 = Debug|Any CPU
		{CD752E21-4E84-4670-B3CC-533D79AD7068}.Release|Any CPU.ActiveCfg = Release|Any CPU
		{CD752E21-4E84-4670-B3CC-533D79AD7068}.Release|Any CPU.Build.0 = Release|Any CPU
	EndGlobalSection
	GlobalSection(SolutionProperties) = preSolution
		HideSolutionNode = FALSE
	EndGlobalSection
	GlobalSection(ExtensibilityGlobals) = postSolution
		SolutionGuid = {740AA66D-38D2-4286-830D-EE05BB52F59E}
	EndGlobalSection
EndGlobal
